
Microsoft Visual Studio Solution File, Format Version 12.00
# Visual Studio Version 17
VisualStudioVersion = 17.11.35312.102
MinimumVisualStudioVersion = 10.0.40219.1
Project("{FAE04EC0-301F-11D3-BF4B-00C04F79EFBC}") = "WEBCOREBCC2024", "WEBCOREBCC2024.csproj", "{655563DC-6FFE-4649-800F-BBC91BC7934F}"
EndProject
Global
	GlobalSection(SolutionConfigurationPlatforms) = preSolution
		Debug|Any CPU = Debug|Any CPU
		Release|Any CPU = Release|Any CPU
	EndGlobalSection
	GlobalSection(ProjectConfigurationPlatforms) = postSolution
		{655563DC-6FFE-4649-800F-BBC91BC7934F}.Debug|Any CPU.ActiveCfg = Debug|Any CPU
		{655563DC-6FFE-4649-800F-BBC91BC7934F}.Debug|Any CPU.Build.0 = Debug|Any CPU
		{655563DC-6FFE-4649-800F-BBC91BC7934F}.Release|Any CPU.ActiveCfg = Release|Any CPU
		{655563DC-6FFE-4649-800F-BBC91BC7934F}.Release|Any CPU.Build.0 = Release|Any CPU
	EndGlobalSection
	GlobalSection(SolutionProperties) = preSolution
		HideSolutionNode = FALSE
	EndGlobalSection
	GlobalSection(ExtensibilityGlobals) = postSolution
		SolutionGuid = {4442CC3B-4015-4717-8169-8DBD2EC40093}
	EndGlobalSection
EndGlobal
